
Microsoft Visual Studio Solution File, Format Version 12.00
# Visual Studio Version 16
VisualStudioVersion = 16.0.30611.23
MinimumVisualStudioVersion = 10.0.40219.1
Project("{FAE04EC0-301F-11D3-BF4B-00C04F79EFBC}") = "Aramey", "Aramey\Aramey.csproj", "{A85230CF-B71C-4F3B-814E-5ACD00226D0A}"
EndProject
Global
	GlobalSection(SolutionConfigurationPlatforms) = preSolution
		Debug|Any CPU = Debug|Any CPU
		Release|Any CPU = Release|Any CPU
	EndGlobalSection
	GlobalSection(ProjectConfigurationPlatforms) = postSolution
		{A85230CF-B71C-4F3B-814E-5ACD00226D0A}.Debug|Any CPU.ActiveCfg = Debug|Any CPU
		{A85230CF-B71C-4F3B-814E-5ACD00226D0A}.Debug|Any CPU.Build.0 = Debug|Any CPU
		{A85230CF-B71C-4F3B-814E-5ACD00226D0A}.Release|Any CPU.ActiveCfg = Release|Any CPU
		{A85230CF-B71C-4F3B-814E-5ACD00226D0A}.Release|Any CPU.Build.0 = Release|Any CPU
	EndGlobalSection
	GlobalSection(SolutionProperties) = preSolution
		HideSolutionNode = FALSE
	EndGlobalSection
	GlobalSection(ExtensibilityGlobals) = postSolution
		SolutionGuid = {DE7F28FD-1886-431A-9681-71665EA069DB}
	EndGlobalSection
EndGlobal
